
Microsoft Visual Studio Solution File, Format Version 12.00
# Visual Studio Version 16
VisualStudioVersion = 16.0.30225.117
MinimumVisualStudioVersion = 10.0.40219.1
Project("{FAE04EC0-301F-11D3-BF4B-00C04F79EFBC}") = "WebApplication8", "WebApplication8\WebApplication8.csproj", "{FFF692EA-8098-402A-88C4-42962C00CD99}"
EndProject
Global
	GlobalSection(SolutionConfigurationPlatforms) = preSolution
		Debug|Any CPU = Debug|Any CPU
		Release|Any CPU = Release|Any CPU
	EndGlobalSection
	GlobalSection(ProjectConfigurationPlatforms) = postSolution
		{FFF692EA-8098-402A-88C4-42962C00CD99}.Debug|Any CPU.ActiveCfg = Debug|Any CPU
		{FFF692EA-8098-402A-88C4-42962C00CD99}.Debug|Any CPU.Build.0 = Debug|Any CPU
		{FFF692EA-8098-402A-88C4-42962C00CD99}.Release|Any CPU.ActiveCfg = Release|Any CPU
		{FFF692EA-8098-402A-88C4-42962C00CD99}.Release|Any CPU.Build.0 = Release|Any CPU
	EndGlobalSection
	GlobalSection(SolutionProperties) = preSolution
		HideSolutionNode = FALSE
	EndGlobalSection
	GlobalSection(ExtensibilityGlobals) = postSolution
		SolutionGuid = {3A117E7F-3224-4D9C-B0E8-7B0DFDB918B3}
	EndGlobalSection
EndGlobal
